lockfileVersion: "6.0"

dependencies:
  lodash.kebabcase:
    specifier: ^4.1.1
    version: 4.1.1

packages:
  /lodash.kebabcase@4.1.1:
    resolution:
      {
        integrity: sha512-N8XRTIMMqqDgSy4VLKPnJ/+hpGZN+PHQiJnSenYqPaVV/NCqEogTnAdZLQiGKhxX+JCs8waWq2t1XHWKOmlY8g==,
      }
    dev: false
